// !$*UTF8*$!
{
	archiveVersion = 1;
	classes = {
	};
	objectVersion = 50;
	objects = {

/* Begin PBXBuildFile section */
		311D696323E6DB1900B5198D /* AppDelegate.swift in Sources */ = {isa = PBXBuildFile; fileRef = 311D696223E6DB1900B5198D /* AppDelegate.swift */; };
		311D696523E6DB1900B5198D /* SceneDelegate.swift in Sources */ = {isa = PBXBuildFile; fileRef = 311D696423E6DB1900B5198D /* SceneDelegate.swift */; };
		311D696723E6DB1900B5198D /* ViewController.swift in Sources */ = {isa = PBXBuildFile; fileRef = 311D696623E6DB1900B5198D /* ViewController.swift */; };
		311D696A23E6DB1900B5198D /* Main.storyboard in Resources */ = {isa = PBXBuildFile; fileRef = 311D696823E6DB1900B5198D /* Main.storyboard */; };
		311D696C23E6DB1C00B5198D /* Assets.xcassets in Resources */ = {isa = PBXBuildFile; fileRef = 311D696B23E6DB1C00B5198D /* Assets.xcassets */; };
		311D696F23E6DB1C00B5198D /* LaunchScreen.storyboard in Resources */ = {isa = PBXBuildFile; fileRef = 311D696D23E6DB1C00B5198D /* LaunchScreen.storyboard */; };
/* End PBXBuildFile section */

/* Begin PBXFileReference section */
		311D695F23E6DB1900B5198D /* TicTAC.app */ = {isa = PBXFileReference; explicitFileType = wrapper.application; includeInIndex = 0; path = TicTAC.app; sourceTree = BUILT_PRODUCTS_DIR; };
		311D696223E6DB1900B5198D /* AppDelegate.swift */ = {isa = PBXFileReference; lastKnownFileType = sourcecode.swift; path = AppDelegate.swift; sourceTree = "<group>"; };
		311D696423E6DB1900B5198D /* SceneDelegate.swift */ = {isa = PBXFileReference; lastKnownFileType = sourcecode.swift; path = SceneDelegate.swift; sourceTree = "<group>"; };
		311D696623E6DB1900B5198D /* ViewController.swift */ = {isa = PBXFileReference; lastKnownFileType = sourcecode.swift; path = ViewController.swift; sourceTree = "<group>"; };
		311D696923E6DB1900B5198D /* Base */ = {isa = PBXFileReference; lastKnownFileType = file.storyboard; name = Base; path = Base.lproj/Main.storyboard; sourceTree = "<group>"; };
		311D696B23E6DB1C00B5198D /* Assets.xcassets */ = {isa = PBXFileReference; lastKnownFileType = folder.assetcatalog; path = Assets.xcassets; sourceTree = "<group>"; };
		311D696E23E6DB1C00B5198D /* Base */ = {isa = PBXFileReference; lastKnownFileType = file.storyboard; name = Base; path = Base.lproj/LaunchScreen.storyboard; sourceTree = "<group>"; };
		311D697023E6DB1C00B5198D /* Info.plist */ = {isa = PBXFileReference; lastKnownFileType = text.plist.xml; path = Info.plist; sourceTree = "<group>"; };
/* End PBXFileReference section */

/* Begin PBXFrameworksBuildPhase section */
		311D695C23E6DB1900B5198D /* Frameworks */ = {
			isa = PBXFrameworksBuildPhase;
			buildActionMask = 2147483647;
			files = (
			);
			runOnlyForDeploymentPostprocessing = 0;
		};
/* End PBXFrameworksBuildPhase section */

/* Begin PBXGroup section */
		311D695623E6DB1900B5198D = {
			isa = PBXGroup;
			children = (
				311D696123E6DB1900B5198D /* TicTAC */,
				311D696023E6DB1900B5198D /* Products */,
			);
			sourceTree = "<group>";
		};
		311D696023E6DB1900B5198D /* Products */ = {
			isa = PBXGroup;
			children = (
				311D695F23E6DB1900B5198D /* TicTAC.app */,
			);
			name = Products;
			sourceTree = "<group>";
		};
		311D696123E6DB1900B5198D /* TicTAC */ = {
			isa = PBXGroup;
			children = (
				311D696223E6DB1900B5198D /* AppDelegate.swift */,
				311D696423E6DB1900B5198D /* SceneDelegate.swift */,
				311D696623E6DB1900B5198D /* ViewController.swift */,
				311D696823E6DB1900B5198D /* Main.storyboard */,
				311D696B23E6DB1C00B5198D /* Assets.xcassets */,
				311D696D23E6DB1C00B5198D /* LaunchScreen.storyboard */,
				311D697023E6DB1C00B5198D /* Info.plist */,
			);
			path = TicTAC;
			sourceTree = "<group>";
		};
/* End PBXGroup section */

/* Begin PBXNativeTarget section */
		311D695E23E6DB1900B5198D /* TicTAC */ = {
			isa = PBXNativeTarget;
			buildConfigurationList = 311D697323E6DB1C00B5198D /* Build configuration list for PBXNativeTarget "TicTAC" */;
			buildPhases = (
				311D695B23E6DB1900B5198D /* Sources */,
				311D695C23E6DB1900B5198D /* Frameworks */,
				311D695D23E6DB1900B5198D /* Resources */,
			);
			buildRules = (
			);
			dependencies = (
			);
			name = TicTAC;
			productName = TicTAC;
			productReference = 311D695F23E6DB1900B5198D /* TicTAC.app */;
			productType = "com.apple.product-type.application";
		};
/* End PBXNativeTarget section */

/* Begin PBXProject section */
		311D695723E6DB1900B5198D /* Project object */ = {
			isa = PBXProject;
			attributes = {
				LastSwiftUpdateCheck = 1120;
				LastUpgradeCheck = 1120;
				ORGANIZATIONNAME = "Reewaz Maskey";
				TargetAttributes = {
					311D695E23E6DB1900B5198D = {
						CreatedOnToolsVersion = 11.2;
					};
				};
			};
			buildConfigurationList = 311D695A23E6DB1900B5198D /* Build configuration list for PBXProject "TicTAC" */;
			compatibilityVersion = "Xcode 9.3";
			developmentRegion = en;
			hasScannedForEncodings = 0;
			knownRegions = (
				en,
				Base,
			);
			mainGroup = 311D695623E6DB1900B5198D;
			productRefGroup = 311D696023E6DB1900B5198D /* Products */;
			projectDirPath = "";
			projectRoot = "";
			targets = (
				311D695E23E6DB1900B5198D /* TicTAC */,
			);
		};
/* End PBXProject section */

/* Begin PBXResourcesBuildPhase section */
		311D695D23E6DB1900B5198D /* Resources */ = {
			isa = PBXResourcesBuildPhase;
			buildActionMask = 2147483647;
			files = (
				311D696F23E6DB1C00B5198D /* LaunchScreen.storyboard in Resources */,
				311D696C23E6DB1C00B5198D /* Assets.xcassets in Resources */,
				311D696A23E6DB1900B5198D /* Main.storyboard in Resources */,
			);
			runOnlyForDeploymentPostprocessing = 0;
		};
/* End PBXResourcesBuildPhase section */

/* Begin PBXSourcesBuildPhase section */
		311D695B23E6DB1900B5198D /* Sources */ = {
			isa = PBXSourcesBuildPhase;
			buildActionMask = 2147483647;
			files = (
				311D696723E6DB1900B5198D /* ViewController.swift in Sources */,
				311D696323E6DB1900B5198D /* AppDelegate.swift in Sources */,
				311D696523E6DB1900B5198D /* SceneDelegate.swift in Sources */,
			);
			runOnlyForDeploymentPostprocessing = 0;
		};
/* End PBXSourcesBuildPhase section */

/* Begin PBXVariantGroup section */
		311D696823E6DB1900B5198D /* Main.storyboard */ = {
			isa = PBXVariantGroup;
			children = (
				311D696923E6DB1900B5198D /* Base */,
			);
			name = Main.storyboard;
			sourceTree = "<group>";
		};
		311D696D23E6DB1C00B5198D /* LaunchScreen.storyboard */ = {
			isa = PBXVariantGroup;
			children = (
				311D696E23E6DB1C00B5198D /* Base */,
			);
			name = LaunchScreen.storyboard;
			sourceTree = "<group>";
		};
/* End PBXVariantGroup section */

/* Begin XCBuildConfiguration section */
		311D697123E6DB1C00B5198D /* Debug */ = {
			isa = XCBuildConfiguration;
			buildSettings = {
				ALWAYS_SEARCH_USER_PATHS = NO;
				CLANG_ANALYZER_NONNULL = YES;
				CLANG_ANALYZER_NUMBER_OBJECT_CONVERSION = YES_AGGRESSIVE;
				CLANG_CXX_LANGUAGE_STANDARD = "gnu++14";
				CLANG_CXX_LIBRARY = "libc++";
				CLANG_ENABLE_MODULES = YES;
				CLANG_ENABLE_OBJC_ARC = YES;
				CLANG_ENABLE_OBJC_WEAK = YES;
				CLANG_WARN_BLOCK_CAPTURE_AUTORELEASING = YES;
				CLANG_WARN_BOOL_CONVERSION = YES;
				CLANG_WARN_COMMA = YES;
				CLANG_WARN_CONSTANT_CONVERSION = YES;
				CLANG_WARN_DEPRECATED_OBJC_IMPLEMENTATIONS = YES;
				CLANG_WARN_DIRECT_OBJC_ISA_USAGE = YES_ERROR;
				CLANG_WARN_DOCUMENTATION_COMMENTS = YES;
				CLANG_WARN_EMPTY_BODY = YES;
				CLANG_WARN_ENUM_CONVERSION = YES;
				CLANG_WARN_INFINITE_RECURSION = YES;
				CLANG_WARN_INT_CONVERSION = YES;
				CLANG_WARN_NON_LITERAL_NULL_CONVERSION = YES;
				CLANG_WARN_OBJC_IMPLICIT_RETAIN_SELF = YES;
				CLANG_WARN_OBJC_LITERAL_CONVERSION = YES;
				CLANG_WARN_OBJC_ROOT_CLASS = YES_ERROR;
				CLANG_WARN_RANGE_LOOP_ANALYSIS = YES;
				CLANG_WARN_STRICT_PROTOTYPES = YES;
				CLANG_WARN_SUSPICIOUS_MOVE = YES;
				CLANG_WARN_UNGUARDED_AVAILABILITY = YES_AGGRESSIVE;
				CLANG_WARN_UNREACHABLE_CODE = YES;
				CLANG_WARN__DUPLICATE_METHOD_MATCH = YES;
				COPY_PHASE_STRIP = NO;
				DEBUG_INFORMATION_FORMAT = dwarf;
				ENABLE_STRICT_OBJC_MSGSEND = YES;
				ENABLE_TESTABILITY = YES;
				GCC_C_LANGUAGE_STANDARD = gnu11;
				GCC_DYNAMIC_NO_PIC = NO;
				GCC_NO_COMMON_BLOCKS = YES;
				GCC_OPTIMIZATION_LEVEL = 0;
				GCC_PREPROCESSOR_DEFINITIONS = (
					"DEBUG=1",
					"$(inherited)",
				);
				GCC_WARN_64_TO_32_BIT_CONVERSION = YES;
				GCC_WARN_ABOUT_RETURN_TYPE = YES_ERROR;
				GCC_WARN_UNDECLARED_SELECTOR = YES;
				GCC_WARN_UNINITIALIZED_AUTOS = YES_AGGRESSIVE;
				GCC_WARN_UNUSED_FUNCTION = YES;
				GCC_WARN_UNUSED_VARIABLE = YES;
				IPHONEOS_DEPLOYMENT_TARGET = 13.2;
				MTL_ENABLE_DEBUG_INFO = INCLUDE_SOURCE;
				MTL_FAST_MATH = YES;
				ONLY_ACTIVE_ARCH = YES;
				SDKROOT = iphoneos;
				SWIFT_ACTIVE_COMPILATION_CONDITIONS = DEBUG;
				SWIFT_OPTIMIZATION_LEVEL = "-Onone";
			};
			name = Debug;
		};
		311D697223E6DB1C00B5198D /* Release */ = {
			isa = XCBuildConfiguration;
			buildSettings = {
				ALWAYS_SEARCH_USER_PATHS = NO;
				CLANG_ANALYZER_NONNULL = YES;
				CLANG_ANALYZER_NUMBER_OBJECT_CONVERSION = YES_AGGRESSIVE;
				CLANG_CXX_LANGUAGE_STANDARD = "gnu++14";
				CLANG_CXX_LIBRARY = "libc++";
				CLANG_ENABLE_MODULES = YES;
				CLANG_ENABLE_OBJC_ARC = YES;
				CLANG_ENABLE_OBJC_WEAK = YES;
				CLANG_WARN_BLOCK_CAPTURE_AUTORELEASING = YES;
				CLANG_WARN_BOOL_CONVERSION = YES;
				CLANG_WARN_COMMA = YES;
				CLANG_WARN_CONSTANT_CONVERSION = YES;
				CLANG_WARN_DEPRECATED_OBJC_IMPLEMENTATIONS = YES;
				CLANG_WARN_DIRECT_OBJC_ISA_USAGE = YES_ERROR;
				CLANG_WARN_DOCUMENTATION_COMMENTS = YES;
				CLANG_WARN_EMPTY_BODY = YES;
				CLANG_WARN_ENUM_CONVERSION = YES;
				CLANG_WARN_INFINITE_RECURSION = YES;
				CLANG_WARN_INT_CONVERSION = YES;
				CLANG_WARN_NON_LITERAL_NULL_CONVERSION = YES;
				CLANG_WARN_OBJC_IMPLICIT_RETAIN_SELF = YES;
				CLANG_WARN_OBJC_LITERAL_CONVERSION = YES;
				CLANG_WARN_OBJC_ROOT_CLASS = YES_ERROR;
				CLANG_WARN_RANGE_LOOP_ANALYSIS = YES;
				CLANG_WARN_STRICT_PROTOTYPES = YES;
				CLANG_WARN_SUSPICIOUS_MOVE = YES;
				CLANG_WARN_UNGUARDED_AVAILABILITY = YES_AGGRESSIVE;
				CLANG_WARN_UNREACHABLE_CODE = YES;
				CLANG_WARN__DUPLICATE_METHOD_MATCH = YES;
				COPY_PHASE_STRIP = NO;
				DEBUG_INFORMATION_FORMAT = "dwarf-with-dsym";
				ENABLE_NS_ASSERTIONS = NO;
				ENABLE_STRICT_OBJC_MSGSEND = YES;
				GCC_C_LANGUAGE_STANDARD = gnu11;
				GCC_NO_COMMON_BLOCKS = YES;
				GCC_WARN_64_TO_32_BIT_CONVERSION = YES;
				GCC_WARN_ABOUT_RETURN_TYPE = YES_ERROR;
				GCC_WARN_UNDECLARED_SELECTOR = YES;
				GCC_WARN_UNINITIALIZED_AUTOS = YES_AGGRESSIVE;
				GCC_WARN_UNUSED_FUNCTION = YES;
				GCC_WARN_UNUSED_VARIABLE = YES;
				IPHONEOS_DEPLOYMENT_TARGET = 13.2;
				MTL_ENABLE_DEBUG_INFO = NO;
				MTL_FAST_MATH = YES;
				SDKROOT = iphoneos;
				SWIFT_COMPILATION_MODE = wholemodule;
				SWIFT_OPTIMIZATION_LEVEL = "-O";
				VALIDATE_PRODUCT = YES;
			};
			name = Release;
		};
		311D697423E6DB1C00B5198D /* Debug */ = {
			isa = XCBuildConfiguration;
			buildSettings = {
				ASSETCATALOG_COMPILER_APPICON_NAME = AppIcon;
				CODE_SIGN_STYLE = Automatic;
				DEVELOPMENT_TEAM = 9H6NB9YSBY;
				INFOPLIST_FILE = TicTAC/Info.plist;
				LD_RUNPATH_SEARCH_PATHS = (
					"$(inherited)",
					"@executable_path/Frameworks",
				);
				PRODUCT_BUNDLE_IDENTIFIER = GameLOG.TicTAC;
				PRODUCT_NAME = "$(TARGET_NAME)";
				SWIFT_VERSION = 5.0;
				TARGETED_DEVICE_FAMILY = "1,2";
			};
			name = Debug;
		};
		311D697523E6DB1C00B5198D /* Release */ = {
			isa = XCBuildConfiguration;
			buildSettings = {
				ASSETCATALOG_COMPILER_APPICON_NAME = AppIcon;
				CODE_SIGN_STYLE = Automatic;
				DEVELOPMENT_TEAM = 9H6NB9YSBY;
				INFOPLIST_FILE = TicTAC/Info.plist;
				LD_RUNPATH_SEARCH_PATHS = (
					"$(inherited)",
					"@executable_path/Frameworks",
				);
				PRODUCT_BUNDLE_IDENTIFIER = GameLOG.TicTAC;
				PRODUCT_NAME = "$(TARGET_NAME)";
				SWIFT_VERSION = 5.0;
				TARGETED_DEVICE_FAMILY = "1,2";
			};
			name = Release;
		};
/* End XCBuildConfiguration section */

/* Begin XCConfigurationList section */
		311D695A23E6DB1900B5198D /* Build configuration list for PBXProject "TicTAC" */ = {
			isa = XCConfigurationList;
			buildConfigurations = (
				311D697123E6DB1C00B5198D /* Debug */,
				311D697223E6DB1C00B5198D /* Release */,
			);
			defaultConfigurationIsVisible = 0;
			defaultConfigurationName = Release;
		};
		311D697323E6DB1C00B5198D /* Build configuration list for PBXNativeTarget "TicTAC" */ = {
			isa = XCConfigurationList;
			buildConfigurations = (
				311D697423E6DB1C00B5198D /* Debug */,
				311D697523E6DB1C00B5198D /* Release */,
			);
			defaultConfigurationIsVisible = 0;
			defaultConfigurationName = Release;
		};
/* End XCConfigurationList section */
	};
	rootObject = 311D695723E6DB1900B5198D /* Project object */;
}
